
Microsoft Visual Studio Solution File, Format Version 12.00
# Visual Studio Version 17
VisualStudioVersion = 17.13.35931.197 d17.13
MinimumVisualStudioVersion = 10.0.40219.1
Project("{FAE04EC0-301F-11D3-BF4B-00C04F79EFBC}") = "TMS.NotifyService", "TMS.NotifyService\TMS.NotifyService.csproj", "{9EC06531-FEEA-4478-BF6F-5C50D414AA0F}"
EndProject
Project("{FAE04EC0-301F-11D3-BF4B-00C04F79EFBC}") = "TMS.NotifyService.Phone", "TMS.NotifyService.Phone\TMS.NotifyService.Phone.csproj", "{976DEDE9-3938-4CC9-A1C6-EA95E1DAC218}"
EndProject
Project("{FAE04EC0-301F-11D3-BF4B-00C04F79EFBC}") = "TMS.NotifyService.Email", "TMS.NotifyService.Email\TMS.NotifyService.Email.csproj", "{9247F261-C6D7-4D77-A7C4-1E6303D1361B}"
EndProject
Project("{FAE04EC0-301F-11D3-BF4B-00C04F79EFBC}") = "TMS.NotifyService.Telegram", "TMS.NotifyService.Telegram\TMS.NotifyService.Telegram.csproj", "{554A85F9-89E8-4066-938D-E17A239827C9}"
EndProject
Project("{FAE04EC0-301F-11D3-BF4B-00C04F79EFBC}") = "TMS.NotifyService.Abstractions", "TMS.NotifyService.Abstractions\TMS.NotifyService.Abstractions.csproj", "{B528839B-90D2-4F5D-807E-9A7450D47920}"
EndProject
Global
	GlobalSection(SolutionConfigurationPlatforms) = preSolution
		Debug|Any CPU = Debug|Any CPU
		Release|Any CPU = Release|Any CPU
	EndGlobalSection
	GlobalSection(ProjectConfigurationPlatforms) = postSolution
		{9EC06531-FEEA-4478-BF6F-5C50D414AA0F}.Debug|Any CPU.ActiveCfg = Debug|Any CPU
		{9EC06531-FEEA-4478-BF6F-5C50D414AA0F}.Debug|Any CPU.Build.0 = Debug|Any CPU
		{9EC06531-FEEA-4478-BF6F-5C50D414AA0F}.Release|Any CPU.ActiveCfg = Release|Any CPU
		{9EC06531-FEEA-4478-BF6F-5C50D414AA0F}.Release|Any CPU.Build.0 = Release|Any CPU
		{976DEDE9-3938-4CC9-A1C6-EA95E1DAC218}.Debug|Any CPU.ActiveCfg = Debug|Any CPU
		{976DEDE9-3938-4CC9-A1C6-EA95E1DAC218}.Debug|Any CPU.Build.0 = Debug|Any CPU
		{976DEDE9-3938-4CC9-A1C6-EA95E1DAC218}.Release|Any CPU.ActiveCfg = Release|Any CPU
		{976DEDE9-3938-4CC9-A1C6-EA95E1DAC218}.Release|Any CPU.Build.0 = Release|Any CPU
		{9247F261-C6D7-4D77-A7C4-1E6303D1361B}.Debug|Any CPU.ActiveCfg = Debug|Any CPU
		{9247F261-C6D7-4D77-A7C4-1E6303D1361B}.Debug|Any CPU.Build.0 = Debug|Any CPU
		{9247F261-C6D7-4D77-A7C4-1E6303D1361B}.Release|Any CPU.ActiveCfg = Release|Any CPU
		{9247F261-C6D7-4D77-A7C4-1E6303D1361B}.Release|Any CPU.Build.0 = Release|Any CPU
		{554A85F9-89E8-4066-938D-E17A239827C9}.Debug|Any CPU.ActiveCfg = Debug|Any CPU
		{554A85F9-89E8-4066-938D-E17A239827C9}.Debug|Any CPU.Build.0 = Debug|Any CPU
		{554A85F9-89E8-4066-938D-E17A239827C9}.Release|Any CPU.ActiveCfg = Release|Any CPU
		{554A85F9-89E8-4066-938D-E17A239827C9}.Release|Any CPU.Build.0 = Release|Any CPU
		{B528839B-90D2-4F5D-807E-9A7450D47920}.Debug|Any CPU.ActiveCfg = Debug|Any CPU
		{B528839B-90D2-4F5D-807E-9A7450D47920}.Debug|Any CPU.Build.0 = Debug|Any CPU
		{B528839B-90D2-4F5D-807E-9A7450D47920}.Release|Any CPU.ActiveCfg = Release|Any CPU
		{B528839B-90D2-4F5D-807E-9A7450D47920}.Release|Any CPU.Build.0 = Release|Any CPU
	EndGlobalSection
	GlobalSection(SolutionProperties) = preSolution
		HideSolutionNode = FALSE
	EndGlobalSection
	GlobalSection(ExtensibilityGlobals) = postSolution
		SolutionGuid = {5155FD0F-5C18-477B-9F44-1C71620F4D96}
	EndGlobalSection
EndGlobal
